
Microsoft Visual Studio Solution File, Format Version 12.00
# Visual Studio 15
VisualStudioVersion = 15.0.27428.2027
MinimumVisualStudioVersion = 10.0.40219.1
Project("{FAE04EC0-301F-11D3-BF4B-00C04F79EFBC}") = "WebProject", "WebProject\WebProject.csproj", "{43D59B1D-721D-4E64-AF8C-99DC652D8634}"
EndProject
Global
	GlobalSection(SolutionConfigurationPlatforms) = preSolution
		Debug|Any CPU = Debug|Any CPU
		Release|Any CPU = Release|Any CPU
	EndGlobalSection
	GlobalSection(ProjectConfigurationPlatforms) = postSolution
		{43D59B1D-721D-4E64-AF8C-99DC652D8634}.Debug|Any CPU.ActiveCfg = Debug|Any CPU
		{43D59B1D-721D-4E64-AF8C-99DC652D8634}.Debug|Any CPU.Build.0 = Debug|Any CPU
		{43D59B1D-721D-4E64-AF8C-99DC652D8634}.Release|Any CPU.ActiveCfg = Release|Any CPU
		{43D59B1D-721D-4E64-AF8C-99DC652D8634}.Release|Any CPU.Build.0 = Release|Any CPU
	EndGlobalSection
	GlobalSection(SolutionProperties) = preSolution
		HideSolutionNode = FALSE
	EndGlobalSection
	GlobalSection(ExtensibilityGlobals) = postSolution
		SolutionGuid = {9FA6B982-E5EC-4095-BD27-2F0FC8365F57}
	EndGlobalSection
EndGlobal
