
Microsoft Visual Studio Solution File, Format Version 12.00
# Visual Studio 15
VisualStudioVersion = 15.0.27428.2027
MinimumVisualStudioVersion = 10.0.40219.1
Project("{FAE04EC0-301F-11D3-BF4B-00C04F79EFBC}") = "WebProject", "WebProject\WebProject.csproj", "{43D59B1D-721D-4E64-AF8C-99DC652D8634}"
EndProject
Project("{2150E333-8FDC-42A3-9474-1A3956D46DE8}") = "Infrastructure", "Infrastructure", "{131767A6-1870-405F-AC4C-BA217985C7BE}"
EndProject
Project("{2150E333-8FDC-42A3-9474-1A3956D46DE8}") = "Domain", "Domain", "{28764D0A-6541-48BC-AA78-F884AEB2411C}"
EndProject
Project("{2150E333-8FDC-42A3-9474-1A3956D46DE8}") = "Application", "Application", "{697B64D5-4268-4489-B5FA-C94D082F05DE}"
EndProject
Project("{2150E333-8FDC-42A3-9474-1A3956D46DE8}") = "Presition", "Presition", "{140A137B-B5C0-4004-8D10-2FE04ACCD553}"
EndProject
Global
	GlobalSection(SolutionConfigurationPlatforms) = preSolution
		Debug|Any CPU = Debug|Any CPU
		Release|Any CPU = Release|Any CPU
	EndGlobalSection
	GlobalSection(ProjectConfigurationPlatforms) = postSolution
		{43D59B1D-721D-4E64-AF8C-99DC652D8634}.Debug|Any CPU.ActiveCfg = Debug|Any CPU
		{43D59B1D-721D-4E64-AF8C-99DC652D8634}.Debug|Any CPU.Build.0 = Debug|Any CPU
		{43D59B1D-721D-4E64-AF8C-99DC652D8634}.Release|Any CPU.ActiveCfg = Release|Any CPU
		{43D59B1D-721D-4E64-AF8C-99DC652D8634}.Release|Any CPU.Build.0 = Release|Any CPU
	EndGlobalSection
	GlobalSection(SolutionProperties) = preSolution
		HideSolutionNode = FALSE
	EndGlobalSection
	GlobalSection(NestedProjects) = preSolution
		{43D59B1D-721D-4E64-AF8C-99DC652D8634} = {140A137B-B5C0-4004-8D10-2FE04ACCD553}
	EndGlobalSection
	GlobalSection(ExtensibilityGlobals) = postSolution
		SolutionGuid = {9FA6B982-E5EC-4095-BD27-2F0FC8365F57}
	EndGlobalSection
EndGlobal
